{
  "name": "flowee-purejs",
  "version": "1.0.0",
  "lockfileVersion": 1,
  "requires": true,
  "dependencies": {
    "compact-message-format": {
      "version": "0.0.1",
      "resolved": "https://registry.npmjs.org/compact-message-format/-/compact-message-format-0.0.1.tgz",
      "integrity": "sha512-BuYqcpBAknm6zf72DXFbmjObrRNfaPt4b0x6mY2epOQPSIthXqEok586B3iHg/FXC4UnfgH3t/vrFeKrQOrhLg==",
      "requires": {
        "smart-buffer": "^4.1.0"
      }
    },
    "lodash": {
      "version": "4.17.15",
      "resolved": "https://registry.npmjs.org/lodash/-/lodash-4.17.15.tgz",
      "integrity": "sha512-8xOcRHvCjnocdS5cpwXQXVzmmh5e5+saE2QGoeQmbKmRS6J3VQppPOIt0MnmE+4xlZoumy0GPG0D0MVIQbNA1A=="
    },
    "smart-buffer": {
      "version": "4.1.0",
      "resolved": "https://registry.npmjs.org/smart-buffer/-/smart-buffer-4.1.0.tgz",
      "integrity": "sha512-iVICrxOzCynf/SNaBQCw34eM9jROU/s5rzIhpOvzhzuYHfJR/DhZfDkXiZSgKXfgv26HT3Yni3AV/DGw0cGnnw=="
    }
  }
}
